
Microsoft Visual Studio Solution File, Format Version 12.00
# Visual Studio Version 17
VisualStudioVersion = 17.10.35122.118
MinimumVisualStudioVersion = 10.0.40219.1
Project("{FAE04EC0-301F-11D3-BF4B-00C04F79EFBC}") = "MauiCRUD", "MauiCRUD.csproj", "{B34BD2F8-B446-4C98-A649-F7413A4E76DE}"
EndProject
Global
	GlobalSection(SolutionConfigurationPlatforms) = preSolution
		Debug|Any CPU = Debug|Any CPU
		Release|Any CPU = Release|Any CPU
	EndGlobalSection
	GlobalSection(ProjectConfigurationPlatforms) = postSolution
		{B34BD2F8-B446-4C98-A649-F7413A4E76DE}.Debug|Any CPU.ActiveCfg = Debug|Any CPU
		{B34BD2F8-B446-4C98-A649-F7413A4E76DE}.Debug|Any CPU.Build.0 = Debug|Any CPU
		{B34BD2F8-B446-4C98-A649-F7413A4E76DE}.Debug|Any CPU.Deploy.0 = Debug|Any CPU
		{B34BD2F8-B446-4C98-A649-F7413A4E76DE}.Release|Any CPU.ActiveCfg = Release|Any CPU
		{B34BD2F8-B446-4C98-A649-F7413A4E76DE}.Release|Any CPU.Build.0 = Release|Any CPU
		{B34BD2F8-B446-4C98-A649-F7413A4E76DE}.Release|Any CPU.Deploy.0 = Release|Any CPU
	EndGlobalSection
	GlobalSection(SolutionProperties) = preSolution
		HideSolutionNode = FALSE
	EndGlobalSection
	GlobalSection(ExtensibilityGlobals) = postSolution
		SolutionGuid = {3800B05D-AB93-4A29-8C32-D3418BE86435}
	EndGlobalSection
EndGlobal
